
Microsoft Visual Studio Solution File, Format Version 12.00
# Visual Studio Version 16
VisualStudioVersion = 16.0.30002.166
MinimumVisualStudioVersion = 10.0.40219.1
Project("{2150E333-8FDC-42A3-9474-1A3956D46DE8}") = "src", "src", "{8F5C0171-45D5-4E80-BAA9-C54592BB81C8}"
EndProject
Project("{2150E333-8FDC-42A3-9474-1A3956D46DE8}") = "Catalog", "Catalog", "{F9FA059D-BE1D-48F5-B8C5-D6342B24E061}"
EndProject
Project("{9A19103F-16F7-4668-BE54-9A1E7A4F7556}") = "Catalog.API", "src\Catalog\Catalog.API\Catalog.API.csproj", "{D182C21B-B994-4B3E-9493-2D2DEB4B06E2}"
EndProject
Project("{E53339B2-1760-4266-BCC7-CA923CBCF16C}") = "docker-compose", "docker-compose.dcproj", "{CE4925DF-2819-4097-B479-CB7E4F4FC3D4}"
EndProject
Project("{2150E333-8FDC-42A3-9474-1A3956D46DE8}") = "Basket", "Basket", "{A0642A3E-0613-4B62-95FB-24C86FAD9427}"
EndProject
Project("{9A19103F-16F7-4668-BE54-9A1E7A4F7556}") = "Basket.API", "src\Basket\Basket.API\Basket.API.csproj", "{B1665811-6B35-4248-AF6D-F4563D61EB62}"
EndProject
Project("{2150E333-8FDC-42A3-9474-1A3956D46DE8}") = "Common", "Common", "{5C9BC004-14D7-4D37-9110-2BB097D498CB}"
EndProject
Project("{9A19103F-16F7-4668-BE54-9A1E7A4F7556}") = "EventBusRabbitMQ", "src\Common\EventBusRabbitMQ\EventBusRabbitMQ.csproj", "{E6B350DE-E8D4-414C-950F-7993065D8C43}"
EndProject
Project("{2150E333-8FDC-42A3-9474-1A3956D46DE8}") = "Ordering", "Ordering", "{84BD13B8-6249-428D-911F-B67F468FCE5C}"
EndProject
Project("{9A19103F-16F7-4668-BE54-9A1E7A4F7556}") = "Ordering.Api", "src\Ordering\Ordering.Api\Ordering.Api.csproj", "{BD1394EA-D019-4574-A1B2-3D54BDF6885C}"
EndProject
Project("{9A19103F-16F7-4668-BE54-9A1E7A4F7556}") = "Ordering.Core", "src\Ordering\Ordering.Core\Ordering.Core.csproj", "{7E5ACB0F-9834-4CD9-ADCB-434E7A4B6A6E}"
EndProject
Project("{9A19103F-16F7-4668-BE54-9A1E7A4F7556}") = "Ordering.Application", "src\Ordering\Ordering.Application\Ordering.Application.csproj", "{A6DAE29C-9061-4404-83C5-07612DCB4BA5}"
EndProject
Project("{9A19103F-16F7-4668-BE54-9A1E7A4F7556}") = "Ordering.Infrastrcture", "src\Ordering\Ordering.Infrastrcture\Ordering.Infrastrcture.csproj", "{885C286F-6415-41FB-8096-1946FA3CDE04}"
EndProject
Project("{2150E333-8FDC-42A3-9474-1A3956D46DE8}") = "ApiGateway", "ApiGateway", "{785C851C-0589-4BC7-9517-CE825C2D8B4A}"
EndProject
Project("{FAE04EC0-301F-11D3-BF4B-00C04F79EFBC}") = "ApiGateway", "src\ApiGateway\ApiGateway\ApiGateway.csproj", "{5AB728B4-6DB0-498B-9319-55BCD95FD8B7}"
EndProject
Global
	GlobalSection(SolutionConfigurationPlatforms) = preSolution
		Debug|Any CPU = Debug|Any CPU
		Release|Any CPU = Release|Any CPU
	EndGlobalSection
	GlobalSection(ProjectConfigurationPlatforms) = postSolution
		{D182C21B-B994-4B3E-9493-2D2DEB4B06E2}.Debug|Any CPU.ActiveCfg = Debug|Any CPU
		{D182C21B-B994-4B3E-9493-2D2DEB4B06E2}.Debug|Any CPU.Build.0 = Debug|Any CPU
		{D182C21B-B994-4B3E-9493-2D2DEB4B06E2}.Release|Any CPU.ActiveCfg = Release|Any CPU
		{D182C21B-B994-4B3E-9493-2D2DEB4B06E2}.Release|Any CPU.Build.0 = Release|Any CPU
		{CE4925DF-2819-4097-B479-CB7E4F4FC3D4}.Debug|Any CPU.ActiveCfg = Debug|Any CPU
		{CE4925DF-2819-4097-B479-CB7E4F4FC3D4}.Debug|Any CPU.Build.0 = Debug|Any CPU
		{CE4925DF-2819-4097-B479-CB7E4F4FC3D4}.Release|Any CPU.ActiveCfg = Release|Any CPU
		{CE4925DF-2819-4097-B479-CB7E4F4FC3D4}.Release|Any CPU.Build.0 = Release|Any CPU
		{B1665811-6B35-4248-AF6D-F4563D61EB62}.Debug|Any CPU.ActiveCfg = Debug|Any CPU
		{B1665811-6B35-4248-AF6D-F4563D61EB62}.Debug|Any CPU.Build.0 = Debug|Any CPU
		{B1665811-6B35-4248-AF6D-F4563D61EB62}.Release|Any CPU.ActiveCfg = Release|Any CPU
		{B1665811-6B35-4248-AF6D-F4563D61EB62}.Release|Any CPU.Build.0 = Release|Any CPU
		{E6B350DE-E8D4-414C-950F-7993065D8C43}.Debug|Any CPU.ActiveCfg = Debug|Any CPU
		{E6B350DE-E8D4-414C-950F-7993065D8C43}.Debug|Any CPU.Build.0 = Debug|Any CPU
		{E6B350DE-E8D4-414C-950F-7993065D8C43}.Release|Any CPU.ActiveCfg = Release|Any CPU
		{E6B350DE-E8D4-414C-950F-7993065D8C43}.Release|Any CPU.Build.0 = Release|Any CPU
		{BD1394EA-D019-4574-A1B2-3D54BDF6885C}.Debug|Any CPU.ActiveCfg = Debug|Any CPU
		{BD1394EA-D019-4574-A1B2-3D54BDF6885C}.Debug|Any CPU.Build.0 = Debug|Any CPU
		{BD1394EA-D019-4574-A1B2-3D54BDF6885C}.Release|Any CPU.ActiveCfg = Release|Any CPU
		{BD1394EA-D019-4574-A1B2-3D54BDF6885C}.Release|Any CPU.Build.0 = Release|Any CPU
		{7E5ACB0F-9834-4CD9-ADCB-434E7A4B6A6E}.Debug|Any CPU.ActiveCfg = Debug|Any CPU
		{7E5ACB0F-9834-4CD9-ADCB-434E7A4B6A6E}.Debug|Any CPU.Build.0 = Debug|Any CPU
		{7E5ACB0F-9834-4CD9-ADCB-434E7A4B6A6E}.Release|Any CPU.ActiveCfg = Release|Any CPU
		{7E5ACB0F-9834-4CD9-ADCB-434E7A4B6A6E}.Release|Any CPU.Build.0 = Release|Any CPU
		{A6DAE29C-9061-4404-83C5-07612DCB4BA5}.Debug|Any CPU.ActiveCfg = Debug|Any CPU
		{A6DAE29C-9061-4404-83C5-07612DCB4BA5}.Debug|Any CPU.Build.0 = Debug|Any CPU
		{A6DAE29C-9061-4404-83C5-07612DCB4BA5}.Release|Any CPU.ActiveCfg = Release|Any CPU
		{A6DAE29C-9061-4404-83C5-07612DCB4BA5}.Release|Any CPU.Build.0 = Release|Any CPU
		{885C286F-6415-41FB-8096-1946FA3CDE04}.Debug|Any CPU.ActiveCfg = Debug|Any CPU
		{885C286F-6415-41FB-8096-1946FA3CDE04}.Debug|Any CPU.Build.0 = Debug|Any CPU
		{885C286F-6415-41FB-8096-1946FA3CDE04}.Release|Any CPU.ActiveCfg = Release|Any CPU
		{885C286F-6415-41FB-8096-1946FA3CDE04}.Release|Any CPU.Build.0 = Release|Any CPU
		{5AB728B4-6DB0-498B-9319-55BCD95FD8B7}.Debug|Any CPU.ActiveCfg = Debug|Any CPU
		{5AB728B4-6DB0-498B-9319-55BCD95FD8B7}.Debug|Any CPU.Build.0 = Debug|Any CPU
		{5AB728B4-6DB0-498B-9319-55BCD95FD8B7}.Release|Any CPU.ActiveCfg = Release|Any CPU
		{5AB728B4-6DB0-498B-9319-55BCD95FD8B7}.Release|Any CPU.Build.0 = Release|Any CPU
	EndGlobalSection
	GlobalSection(SolutionProperties) = preSolution
		HideSolutionNode = FALSE
	EndGlobalSection
	GlobalSection(NestedProjects) = preSolution
		{F9FA059D-BE1D-48F5-B8C5-D6342B24E061} = {8F5C0171-45D5-4E80-BAA9-C54592BB81C8}
		{D182C21B-B994-4B3E-9493-2D2DEB4B06E2} = {F9FA059D-BE1D-48F5-B8C5-D6342B24E061}
		{A0642A3E-0613-4B62-95FB-24C86FAD9427} = {8F5C0171-45D5-4E80-BAA9-C54592BB81C8}
		{B1665811-6B35-4248-AF6D-F4563D61EB62} = {A0642A3E-0613-4B62-95FB-24C86FAD9427}
		{5C9BC004-14D7-4D37-9110-2BB097D498CB} = {8F5C0171-45D5-4E80-BAA9-C54592BB81C8}
		{E6B350DE-E8D4-414C-950F-7993065D8C43} = {5C9BC004-14D7-4D37-9110-2BB097D498CB}
		{84BD13B8-6249-428D-911F-B67F468FCE5C} = {8F5C0171-45D5-4E80-BAA9-C54592BB81C8}
		{BD1394EA-D019-4574-A1B2-3D54BDF6885C} = {84BD13B8-6249-428D-911F-B67F468FCE5C}
		{7E5ACB0F-9834-4CD9-ADCB-434E7A4B6A6E} = {84BD13B8-6249-428D-911F-B67F468FCE5C}
		{A6DAE29C-9061-4404-83C5-07612DCB4BA5} = {84BD13B8-6249-428D-911F-B67F468FCE5C}
		{885C286F-6415-41FB-8096-1946FA3CDE04} = {84BD13B8-6249-428D-911F-B67F468FCE5C}
		{785C851C-0589-4BC7-9517-CE825C2D8B4A} = {8F5C0171-45D5-4E80-BAA9-C54592BB81C8}
		{5AB728B4-6DB0-498B-9319-55BCD95FD8B7} = {785C851C-0589-4BC7-9517-CE825C2D8B4A}
	EndGlobalSection
	GlobalSection(ExtensibilityGlobals) = postSolution
		SolutionGuid = {19DF861B-598C-489F-896B-72504C45B579}
	EndGlobalSection
EndGlobal
